
Microsoft Visual Studio Solution File, Format Version 12.00
# Visual Studio Version 16
VisualStudioVersion = 16.0.31313.79
MinimumVisualStudioVersion = 10.0.40219.1
Project("{FAE04EC0-301F-11D3-BF4B-00C04F79EFBC}") = "GitHub.gitIgnore", "GitHub.gitIgnore.csproj", "{0F8F3E06-FEB2-4BED-8D79-525A2AFF99A9}"
EndProject
Global
	GlobalSection(SolutionConfigurationPlatforms) = preSolution
		Debug|Any CPU = Debug|Any CPU
		Release|Any CPU = Release|Any CPU
	EndGlobalSection
	GlobalSection(ProjectConfigurationPlatforms) = postSolution
		{0F8F3E06-FEB2-4BED-8D79-525A2AFF99A9}.Debug|Any CPU.ActiveCfg = Debug|Any CPU
		{0F8F3E06-FEB2-4BED-8D79-525A2AFF99A9}.Debug|Any CPU.Build.0 = Debug|Any CPU
		{0F8F3E06-FEB2-4BED-8D79-525A2AFF99A9}.Release|Any CPU.ActiveCfg = Release|Any CPU
		{0F8F3E06-FEB2-4BED-8D79-525A2AFF99A9}.Release|Any CPU.Build.0 = Release|Any CPU
	EndGlobalSection
	GlobalSection(SolutionProperties) = preSolution
		HideSolutionNode = FALSE
	EndGlobalSection
	GlobalSection(ExtensibilityGlobals) = postSolution
		SolutionGuid = {37C03CBA-6335-4935-801D-17DFEE885877}
	EndGlobalSection
EndGlobal
